# This file is automatically @generated by Cargo.
# It is not intended for manual editing.
version = 4

[[package]]
name = "vef"
version = "0.1.0"
dependencies = [
 "vef-core",
 "vef-hpack",
 "vef-http1",
 "vef-http2",
 "vef-io",
]

[[package]]
name = "vef-core"
version = "0.1.0"

[[package]]
name = "vef-hpack"
version = "0.1.0"
dependencies = [
 "vef-core",
]

[[package]]
name = "vef-http1"
version = "0.1.0"
dependencies = [
 "vef-core",
]

[[package]]
name = "vef-http2"
version = "0.1.0"
dependencies = [
 "vef-core",
 "vef-hpack",
]

[[package]]
name = "vef-io"
version = "0.1.0"
